
Microsoft Visual Studio Solution File, Format Version 12.00
# Visual Studio Version 17
VisualStudioVersion = 17.10.35122.118
MinimumVisualStudioVersion = 10.0.40219.1
Project("{FAE04EC0-301F-11D3-BF4B-00C04F79EFBC}") = "MainDelegate", "MainDelegate\MainDelegate.csproj", "{3049136B-4A04-491B-A6D7-4B046E7C3E58}"
EndProject
Global
	GlobalSection(SolutionConfigurationPlatforms) = preSolution
		Debug|Any CPU = Debug|Any CPU
		Release|Any CPU = Release|Any CPU
	EndGlobalSection
	GlobalSection(ProjectConfigurationPlatforms) = postSolution
		{3049136B-4A04-491B-A6D7-4B046E7C3E58}.Debug|Any CPU.ActiveCfg = Debug|Any CPU
		{3049136B-4A04-491B-A6D7-4B046E7C3E58}.Debug|Any CPU.Build.0 = Debug|Any CPU
		{3049136B-4A04-491B-A6D7-4B046E7C3E58}.Release|Any CPU.ActiveCfg = Release|Any CPU
		{3049136B-4A04-491B-A6D7-4B046E7C3E58}.Release|Any CPU.Build.0 = Release|Any CPU
	EndGlobalSection
	GlobalSection(SolutionProperties) = preSolution
		HideSolutionNode = FALSE
	EndGlobalSection
	GlobalSection(ExtensibilityGlobals) = postSolution
		SolutionGuid = {4358B27E-6D97-43B7-92E4-A722E9E1B9F3}
	EndGlobalSection
EndGlobal
